// !$*UTF8*$!
{
	archiveVersion = 1;
	classes = {
	};
	objectVersion = 46;
	objects = {

/* Begin PBXBuildFile section */
		D20DCC851AA2905A006293A8 /* KHOAssetTypeViewController.m in Sources */ = {isa = PBXBuildFile; fileRef = D20DCC841AA2905A006293A8 /* KHOAssetTypeViewController.m */; };
		D22839851A81F52E00855FDC /* KHOImageStore.m in Sources */ = {isa = PBXBuildFile; fileRef = D22839841A81F52E00855FDC /* KHOImageStore.m */; };
		D2BBE9F41AAD496600C58CC2 /* KHOItemsViewController.m in Sources */ = {isa = PBXBuildFile; fileRef = D2BBE9F31AAD496600C58CC2 /* KHOItemsViewController.m */; };
		D2BBE9F71AAD49F300C58CC2 /* Localizable.strings in Resources */ = {isa = PBXBuildFile; fileRef = D2BBE9F91AAD49F300C58CC2 /* Localizable.strings */; };
		D2BCF6E11A7D7860000726E3 /* main.m in Sources */ = {isa = PBXBuildFile; fileRef = D2BCF6E01A7D7860000726E3 /* main.m */; };
		D2BCF6E41A7D7860000726E3 /* AppDelegate.m in Sources */ = {isa = PBXBuildFile; fileRef = D2BCF6E31A7D7860000726E3 /* AppDelegate.m */; };
		D2BCF6EC1A7D7860000726E3 /* Images.xcassets in Resources */ = {isa = PBXBuildFile; fileRef = D2BCF6EB1A7D7860000726E3 /* Images.xcassets */; };
		D2BCF6FB1A7D7860000726E3 /* HomepwnerTests.m in Sources */ = {isa = PBXBuildFile; fileRef = D2BCF6FA1A7D7860000726E3 /* HomepwnerTests.m */; };
		D2BCF70C1A7D7A7B000726E3 /* KHOItemStore.m in Sources */ = {isa = PBXBuildFile; fileRef = D2BCF70B1A7D7A7B000726E3 /* KHOItemStore.m */; };
		D2BCF70F1A7DA4D7000726E3 /* KHOItemsHeaderView.m in Sources */ = {isa = PBXBuildFile; fileRef = D2BCF70E1A7DA4D7000726E3 /* KHOItemsHeaderView.m */; };
		D2BCF7171A7F4FC9000726E3 /* KHODetailViewController.m in Sources */ = {isa = PBXBuildFile; fileRef = D2BCF7161A7F4FC9000726E3 /* KHODetailViewController.m */; };
		D2EAB48A1A92BEF900609225 /* KHOItemCell.m in Sources */ = {isa = PBXBuildFile; fileRef = D2EAB4891A92BEF900609225 /* KHOItemCell.m */; };
		D2EAB48C1A92BF1600609225 /* KHOItemCell.xib in Resources */ = {isa = PBXBuildFile; fileRef = D2EAB48B1A92BF1600609225 /* KHOItemCell.xib */; };
		D2EAB48F1A931D8B00609225 /* KHOImageViewController.m in Sources */ = {isa = PBXBuildFile; fileRef = D2EAB48E1A931D8B00609225 /* KHOImageViewController.m */; };
		D2F6710B1AAD734B000FE107 /* LaunchScreen.xib in Resources */ = {isa = PBXBuildFile; fileRef = D2BCF6ED1A7D7860000726E3 /* LaunchScreen.xib */; };
		D2F6710D1AAD7E15000FE107 /* Settings.bundle in Resources */ = {isa = PBXBuildFile; fileRef = D2F6710C1AAD7E15000FE107 /* Settings.bundle */; };
		D2FE4E321AA052A400AE579B /* Homepwner.xcdatamodeld in Sources */ = {isa = PBXBuildFile; fileRef = D2FE4E301AA052A400AE579B /* Homepwner.xcdatamodeld */; };
		D2FE4E351AA0544800AE579B /* KHOImageTransformer.m in Sources */ = {isa = PBXBuildFile; fileRef = D2FE4E341AA0544800AE579B /* KHOImageTransformer.m */; };
		D2FE4E381AA0631F00AE579B /* KHOItem.m in Sources */ = {isa = PBXBuildFile; fileRef = D2FE4E371AA0631F00AE579B /* KHOItem.m */; };
/* End PBXBuildFile section */

/* Begin PBXContainerItemProxy section */
		D2BCF6F51A7D7860000726E3 /* PBXContainerItemProxy */ = {
			isa = PBXContainerItemProxy;
			containerPortal = D2BCF6D31A7D7860000726E3 /* Project object */;
			proxyType = 1;
			remoteGlobalIDString = D2BCF6DA1A7D7860000726E3;
			remoteInfo = Homepwner;
		};
/* End PBXContainerItemProxy section */

/* Begin PBXFileReference section */
		D20DCC831AA2905A006293A8 /* KHOAssetTypeViewController.h */ = {isa = PBXFileReference; fileEncoding = 4; lastKnownFileType = sourcecode.c.h; path = KHOAssetTypeViewController.h; sourceTree = "<group>"; };
		D20DCC841AA2905A006293A8 /* KHOAssetTypeViewController.m */ = {isa = PBXFileReference; fileEncoding = 4; lastKnownFileType = sourcecode.c.objc; path = KHOAssetTypeViewController.m; sourceTree = "<group>"; };
		D22839831A81F52E00855FDC /* KHOImageStore.h */ = {isa = PBXFileReference; fileEncoding = 4; lastKnownFileType = sourcecode.c.h; path = KHOImageStore.h; sourceTree = "<group>"; };
		D22839841A81F52E00855FDC /* KHOImageStore.m */ = {isa = PBXFileReference; fileEncoding = 4; lastKnownFileType = sourcecode.c.objc; path = KHOImageStore.m; sourceTree = "<group>"; };
		D2BBE9F21AAD496600C58CC2 /* KHOItemsViewController.h */ = {isa = PBXFileReference; fileEncoding = 4; lastKnownFileType = sourcecode.c.h; path = KHOItemsViewController.h; sourceTree = "<group>"; };
		D2BBE9F31AAD496600C58CC2 /* KHOItemsViewController.m */ = {isa = PBXFileReference; fileEncoding = 4; lastKnownFileType = sourcecode.c.objc; path = KHOItemsViewController.m; sourceTree = "<group>"; };
		D2BBE9FA1AAD4A1E00C58CC2 /* es */ = {isa = PBXFileReference; lastKnownFileType = text.plist.strings; name = es; path = es.lproj/LaunchScreen.strings; sourceTree = "<group>"; };
		D2BBE9FB1AAD4A1E00C58CC2 /* es */ = {isa = PBXFileReference; lastKnownFileType = text.plist.strings; name = es; path = es.lproj/Localizable.strings; sourceTree = "<group>"; };
		D2BCF6DB1A7D7860000726E3 /* Homepwner.app */ = {isa = PBXFileReference; explicitFileType = wrapper.application; includeInIndex = 0; path = Homepwner.app; sourceTree = BUILT_PRODUCTS_DIR; };
		D2BCF6DF1A7D7860000726E3 /* Info.plist */ = {isa = PBXFileReference; lastKnownFileType = text.plist.xml; path = Info.plist; sourceTree = "<group>"; };
		D2BCF6E01A7D7860000726E3 /* main.m */ = {isa = PBXFileReference; lastKnownFileType = sourcecode.c.objc; path = main.m; sourceTree = "<group>"; };
		D2BCF6E21A7D7860000726E3 /* AppDelegate.h */ = {isa = PBXFileReference; lastKnownFileType = sourcecode.c.h; path = AppDelegate.h; sourceTree = "<group>"; };
		D2BCF6E31A7D7860000726E3 /* AppDelegate.m */ = {isa = PBXFileReference; lastKnownFileType = sourcecode.c.objc; path = AppDelegate.m; sourceTree = "<group>"; };
		D2BCF6EB1A7D7860000726E3 /* Images.xcassets */ = {isa = PBXFileReference; lastKnownFileType = folder.assetcatalog; path = Images.xcassets; sourceTree = "<group>"; };
		D2BCF6EE1A7D7860000726E3 /* Base */ = {isa = PBXFileReference; lastKnownFileType = file.xib; name = Base; path = Base.lproj/LaunchScreen.xib; sourceTree = "<group>"; };
		D2BCF6F41A7D7860000726E3 /* HomepwnerTests.xctest */ = {isa = PBXFileReference; explicitFileType = wrapper.cfbundle; includeInIndex = 0; path = HomepwnerTests.xctest; sourceTree = BUILT_PRODUCTS_DIR; };
		D2BCF6F91A7D7860000726E3 /* Info.plist */ = {isa = PBXFileReference; lastKnownFileType = text.plist.xml; path = Info.plist; sourceTree = "<group>"; };
		D2BCF6FA1A7D7860000726E3 /* HomepwnerTests.m */ = {isa = PBXFileReference; lastKnownFileType = sourcecode.c.objc; path = HomepwnerTests.m; sourceTree = "<group>"; };
		D2BCF70A1A7D7A7B000726E3 /* KHOItemStore.h */ = {isa = PBXFileReference; fileEncoding = 4; lastKnownFileType = sourcecode.c.h; path = KHOItemStore.h; sourceTree = "<group>"; };
		D2BCF70B1A7D7A7B000726E3 /* KHOItemStore.m */ = {isa = PBXFileReference; fileEncoding = 4; lastKnownFileType = sourcecode.c.objc; path = KHOItemStore.m; sourceTree = "<group>"; };
		D2BCF70D1A7DA4D7000726E3 /* KHOItemsHeaderView.h */ = {isa = PBXFileReference; fileEncoding = 4; lastKnownFileType = sourcecode.c.h; path = KHOItemsHeaderView.h; sourceTree = "<group>"; };
		D2BCF70E1A7DA4D7000726E3 /* KHOItemsHeaderView.m */ = {isa = PBXFileReference; fileEncoding = 4; lastKnownFileType = sourcecode.c.objc; path = KHOItemsHeaderView.m; sourceTree = "<group>"; };
		D2BCF7151A7F4FC9000726E3 /* KHODetailViewController.h */ = {isa = PBXFileReference; fileEncoding = 4; lastKnownFileType = sourcecode.c.h; path = KHODetailViewController.h; sourceTree = "<group>"; };
		D2BCF7161A7F4FC9000726E3 /* KHODetailViewController.m */ = {isa = PBXFileReference; fileEncoding = 4; lastKnownFileType = sourcecode.c.objc; path = KHODetailViewController.m; sourceTree = "<group>"; };
		D2EAB4881A92BEF900609225 /* KHOItemCell.h */ = {isa = PBXFileReference; fileEncoding = 4; lastKnownFileType = sourcecode.c.h; path = KHOItemCell.h; sourceTree = "<group>"; };
		D2EAB4891A92BEF900609225 /* KHOItemCell.m */ = {isa = PBXFileReference; fileEncoding = 4; lastKnownFileType = sourcecode.c.objc; path = KHOItemCell.m; sourceTree = "<group>"; };
		D2EAB48B1A92BF1600609225 /* KHOItemCell.xib */ = {isa = PBXFileReference; fileEncoding = 4; lastKnownFileType = file.xib; path = KHOItemCell.xib; sourceTree = "<group>"; };
		D2EAB48D1A931D8B00609225 /* KHOImageViewController.h */ = {isa = PBXFileReference; fileEncoding = 4; lastKnownFileType = sourcecode.c.h; path = KHOImageViewController.h; sourceTree = "<group>"; };
		D2EAB48E1A931D8B00609225 /* KHOImageViewController.m */ = {isa = PBXFileReference; fileEncoding = 4; lastKnownFileType = sourcecode.c.objc; path = KHOImageViewController.m; sourceTree = "<group>"; };
		D2F671091AAD707E000FE107 /* en */ = {isa = PBXFileReference; lastKnownFileType = text.plist.strings; name = en; path = en.lproj/Localizable.strings; sourceTree = "<group>"; };
		D2F6710A1AAD7124000FE107 /* Base */ = {isa = PBXFileReference; lastKnownFileType = text.plist.strings; name = Base; path = Base.lproj/Localizable.strings; sourceTree = "<group>"; };
		D2F6710C1AAD7E15000FE107 /* Settings.bundle */ = {isa = PBXFileReference; lastKnownFileType = "wrapper.plug-in"; path = Settings.bundle; sourceTree = "<group>"; };
		D2FE4E311AA052A400AE579B /* Homepwner.xcdatamodel */ = {isa = PBXFileReference; lastKnownFileType = wrapper.xcdatamodel; path = Homepwner.xcdatamodel; sourceTree = "<group>"; };
		D2FE4E331AA0544800AE579B /* KHOImageTransformer.h */ = {isa = PBXFileReference; fileEncoding = 4; lastKnownFileType = sourcecode.c.h; path = KHOImageTransformer.h; sourceTree = "<group>"; };
		D2FE4E341AA0544800AE579B /* KHOImageTransformer.m */ = {isa = PBXFileReference; fileEncoding = 4; lastKnownFileType = sourcecode.c.objc; path = KHOImageTransformer.m; sourceTree = "<group>"; };
		D2FE4E361AA0631F00AE579B /* KHOItem.h */ = {isa = PBXFileReference; fileEncoding = 4; lastKnownFileType = sourcecode.c.h; path = KHOItem.h; sourceTree = "<group>"; };
		D2FE4E371AA0631F00AE579B /* KHOItem.m */ = {isa = PBXFileReference; fileEncoding = 4; lastKnownFileType = sourcecode.c.objc; path = KHOItem.m; sourceTree = "<group>"; };
/* End PBXFileReference section */

/* Begin PBXFrameworksBuildPhase section */
		D2BCF6D81A7D7860000726E3 /* Frameworks */ = {
			isa = PBXFrameworksBuildPhase;
			buildActionMask = 2147483647;
			files = (
			);
			runOnlyForDeploymentPostprocessing = 0;
		};
		D2BCF6F11A7D7860000726E3 /* Frameworks */ = {
			isa = PBXFrameworksBuildPhase;
			buildActionMask = 2147483647;
			files = (
			);
			runOnlyForDeploymentPostprocessing = 0;
		};
/* End PBXFrameworksBuildPhase section */

/* Begin PBXGroup section */
		D2BCF6D21A7D7860000726E3 = {
			isa = PBXGroup;
			children = (
				D2BCF6DD1A7D7860000726E3 /* Homepwner */,
				D2BCF6F71A7D7860000726E3 /* HomepwnerTests */,
				D2BCF6DC1A7D7860000726E3 /* Products */,
			);
			sourceTree = "<group>";
		};
		D2BCF6DC1A7D7860000726E3 /* Products */ = {
			isa = PBXGroup;
			children = (
				D2BCF6DB1A7D7860000726E3 /* Homepwner.app */,
				D2BCF6F41A7D7860000726E3 /* HomepwnerTests.xctest */,
			);
			name = Products;
			sourceTree = "<group>";
		};
		D2BCF6DD1A7D7860000726E3 /* Homepwner */ = {
			isa = PBXGroup;
			children = (
				D2BBE9F91AAD49F300C58CC2 /* Localizable.strings */,
				D2BBE9F21AAD496600C58CC2 /* KHOItemsViewController.h */,
				D2BBE9F31AAD496600C58CC2 /* KHOItemsViewController.m */,
				D2FE4E361AA0631F00AE579B /* KHOItem.h */,
				D2FE4E371AA0631F00AE579B /* KHOItem.m */,
				D2EAB48D1A931D8B00609225 /* KHOImageViewController.h */,
				D2EAB48E1A931D8B00609225 /* KHOImageViewController.m */,
				D22839831A81F52E00855FDC /* KHOImageStore.h */,
				D22839841A81F52E00855FDC /* KHOImageStore.m */,
				D2BCF70D1A7DA4D7000726E3 /* KHOItemsHeaderView.h */,
				D2BCF70E1A7DA4D7000726E3 /* KHOItemsHeaderView.m */,
				D2BCF7151A7F4FC9000726E3 /* KHODetailViewController.h */,
				D2BCF7161A7F4FC9000726E3 /* KHODetailViewController.m */,
				D2FE4E301AA052A400AE579B /* Homepwner.xcdatamodeld */,
				D2FE4E331AA0544800AE579B /* KHOImageTransformer.h */,
				D2FE4E341AA0544800AE579B /* KHOImageTransformer.m */,
				D2EAB4881A92BEF900609225 /* KHOItemCell.h */,
				D2EAB4891A92BEF900609225 /* KHOItemCell.m */,
				D2EAB48B1A92BF1600609225 /* KHOItemCell.xib */,
				D2BCF70A1A7D7A7B000726E3 /* KHOItemStore.h */,
				D2BCF70B1A7D7A7B000726E3 /* KHOItemStore.m */,
				D20DCC831AA2905A006293A8 /* KHOAssetTypeViewController.h */,
				D20DCC841AA2905A006293A8 /* KHOAssetTypeViewController.m */,
				D2BCF6E21A7D7860000726E3 /* AppDelegate.h */,
				D2BCF6E31A7D7860000726E3 /* AppDelegate.m */,
				D2BCF6EB1A7D7860000726E3 /* Images.xcassets */,
				D2F6710C1AAD7E15000FE107 /* Settings.bundle */,
				D2BCF6ED1A7D7860000726E3 /* LaunchScreen.xib */,
				D2BCF6DE1A7D7860000726E3 /* Supporting Files */,
			);
			path = Homepwner;
			sourceTree = "<group>";
		};
		D2BCF6DE1A7D7860000726E3 /* Supporting Files */ = {
			isa = PBXGroup;
			children = (
				D2BCF6DF1A7D7860000726E3 /* Info.plist */,
				D2BCF6E01A7D7860000726E3 /* main.m */,
			);
			name = "Supporting Files";
			sourceTree = "<group>";
		};
		D2BCF6F71A7D7860000726E3 /* HomepwnerTests */ = {
			isa = PBXGroup;
			children = (
				D2BCF6FA1A7D7860000726E3 /* HomepwnerTests.m */,
				D2BCF6F81A7D7860000726E3 /* Supporting Files */,
			);
			path = HomepwnerTests;
			sourceTree = "<group>";
		};
		D2BCF6F81A7D7860000726E3 /* Supporting Files */ = {
			isa = PBXGroup;
			children = (
				D2BCF6F91A7D7860000726E3 /* Info.plist */,
			);
			name = "Supporting Files";
			sourceTree = "<group>";
		};
/* End PBXGroup section */

/* Begin PBXNativeTarget section */
		D2BCF6DA1A7D7860000726E3 /* Homepwner */ = {
			isa = PBXNativeTarget;
			buildConfigurationList = D2BCF6FE1A7D7860000726E3 /* Build configuration list for PBXNativeTarget "Homepwner" */;
			buildPhases = (
				D2BCF6D71A7D7860000726E3 /* Sources */,
				D2BCF6D81A7D7860000726E3 /* Frameworks */,
				D2BCF6D91A7D7860000726E3 /* Resources */,
			);
			buildRules = (
			);
			dependencies = (
			);
			name = Homepwner;
			productName = Homepwner;
			productReference = D2BCF6DB1A7D7860000726E3 /* Homepwner.app */;
			productType = "com.apple.product-type.application";
		};
		D2BCF6F31A7D7860000726E3 /* HomepwnerTests */ = {
			isa = PBXNativeTarget;
			buildConfigurationList = D2BCF7011A7D7860000726E3 /* Build configuration list for PBXNativeTarget "HomepwnerTests" */;
			buildPhases = (
				D2BCF6F01A7D7860000726E3 /* Sources */,
				D2BCF6F11A7D7860000726E3 /* Frameworks */,
				D2BCF6F21A7D7860000726E3 /* Resources */,
			);
			buildRules = (
			);
			dependencies = (
				D2BCF6F61A7D7860000726E3 /* PBXTargetDependency */,
			);
			name = HomepwnerTests;
			productName = HomepwnerTests;
			productReference = D2BCF6F41A7D7860000726E3 /* HomepwnerTests.xctest */;
			productType = "com.apple.product-type.bundle.unit-test";
		};
/* End PBXNativeTarget section */

/* Begin PBXProject section */
		D2BCF6D31A7D7860000726E3 /* Project object */ = {
			isa = PBXProject;
			attributes = {
				LastUpgradeCheck = 0610;
				ORGANIZATIONNAME = kho;
				TargetAttributes = {
					D2BCF6DA1A7D7860000726E3 = {
						CreatedOnToolsVersion = 6.1.1;
					};
					D2BCF6F31A7D7860000726E3 = {
						CreatedOnToolsVersion = 6.1.1;
						TestTargetID = D2BCF6DA1A7D7860000726E3;
					};
				};
			};
			buildConfigurationList = D2BCF6D61A7D7860000726E3 /* Build configuration list for PBXProject "Homepwner" */;
			compatibilityVersion = "Xcode 3.2";
			developmentRegion = English;
			hasScannedForEncodings = 0;
			knownRegions = (
				en,
				Base,
				es,
			);
			mainGroup = D2BCF6D21A7D7860000726E3;
			productRefGroup = D2BCF6DC1A7D7860000726E3 /* Products */;
			projectDirPath = "";
			projectRoot = "";
			targets = (
				D2BCF6DA1A7D7860000726E3 /* Homepwner */,
				D2BCF6F31A7D7860000726E3 /* HomepwnerTests */,
			);
		};
/* End PBXProject section */

/* Begin PBXResourcesBuildPhase section */
		D2BCF6D91A7D7860000726E3 /* Resources */ = {
			isa = PBXResourcesBuildPhase;
			buildActionMask = 2147483647;
			files = (
				D2F6710B1AAD734B000FE107 /* LaunchScreen.xib in Resources */,
				D2EAB48C1A92BF1600609225 /* KHOItemCell.xib in Resources */,
				D2F6710D1AAD7E15000FE107 /* Settings.bundle in Resources */,
				D2BBE9F71AAD49F300C58CC2 /* Localizable.strings in Resources */,
				D2BCF6EC1A7D7860000726E3 /* Images.xcassets in Resources */,
			);
			runOnlyForDeploymentPostprocessing = 0;
		};
		D2BCF6F21A7D7860000726E3 /* Resources */ = {
			isa = PBXResourcesBuildPhase;
			buildActionMask = 2147483647;
			files = (
			);
			runOnlyForDeploymentPostprocessing = 0;
		};
/* End PBXResourcesBuildPhase section */

/* Begin PBXSourcesBuildPhase section */
		D2BCF6D71A7D7860000726E3 /* Sources */ = {
			isa = PBXSourcesBuildPhase;
			buildActionMask = 2147483647;
			files = (
				D2BCF70C1A7D7A7B000726E3 /* KHOItemStore.m in Sources */,
				D2BCF7171A7F4FC9000726E3 /* KHODetailViewController.m in Sources */,
				D20DCC851AA2905A006293A8 /* KHOAssetTypeViewController.m in Sources */,
				D2BCF6E41A7D7860000726E3 /* AppDelegate.m in Sources */,
				D2EAB48A1A92BEF900609225 /* KHOItemCell.m in Sources */,
				D2FE4E321AA052A400AE579B /* Homepwner.xcdatamodeld in Sources */,
				D22839851A81F52E00855FDC /* KHOImageStore.m in Sources */,
				D2BCF6E11A7D7860000726E3 /* main.m in Sources */,
				D2FE4E351AA0544800AE579B /* KHOImageTransformer.m in Sources */,
				D2BBE9F41AAD496600C58CC2 /* KHOItemsViewController.m in Sources */,
				D2EAB48F1A931D8B00609225 /* KHOImageViewController.m in Sources */,
				D2FE4E381AA0631F00AE579B /* KHOItem.m in Sources */,
				D2BCF70F1A7DA4D7000726E3 /* KHOItemsHeaderView.m in Sources */,
			);
			runOnlyForDeploymentPostprocessing = 0;
		};
		D2BCF6F01A7D7860000726E3 /* Sources */ = {
			isa = PBXSourcesBuildPhase;
			buildActionMask = 2147483647;
			files = (
				D2BCF6FB1A7D7860000726E3 /* HomepwnerTests.m in Sources */,
			);
			runOnlyForDeploymentPostprocessing = 0;
		};
/* End PBXSourcesBuildPhase section */

/* Begin PBXTargetDependency section */
		D2BCF6F61A7D7860000726E3 /* PBXTargetDependency */ = {
			isa = PBXTargetDependency;
			target = D2BCF6DA1A7D7860000726E3 /* Homepwner */;
			targetProxy = D2BCF6F51A7D7860000726E3 /* PBXContainerItemProxy */;
		};
/* End PBXTargetDependency section */

/* Begin PBXVariantGroup section */
		D2BBE9F91AAD49F300C58CC2 /* Localizable.strings */ = {
			isa = PBXVariantGroup;
			children = (
				D2BBE9FB1AAD4A1E00C58CC2 /* es */,
				D2F671091AAD707E000FE107 /* en */,
				D2F6710A1AAD7124000FE107 /* Base */,
			);
			name = Localizable.strings;
			sourceTree = "<group>";
		};
		D2BCF6ED1A7D7860000726E3 /* LaunchScreen.xib */ = {
			isa = PBXVariantGroup;
			children = (
				D2BCF6EE1A7D7860000726E3 /* Base */,
				D2BBE9FA1AAD4A1E00C58CC2 /* es */,
			);
			name = LaunchScreen.xib;
			sourceTree = "<group>";
		};
/* End PBXVariantGroup section */

/* Begin XCBuildConfiguration section */
		D2BCF6FC1A7D7860000726E3 /* Debug */ = {
			isa = XCBuildConfiguration;
			buildSettings = {
				ALWAYS_SEARCH_USER_PATHS = NO;
				CLANG_CXX_LANGUAGE_STANDARD = "gnu++0x";
				CLANG_CXX_LIBRARY = "libc++";
				CLANG_ENABLE_MODULES = YES;
				CLANG_ENABLE_OBJC_ARC = YES;
				CLANG_WARN_BOOL_CONVERSION = YES;
				CLANG_WARN_CONSTANT_CONVERSION = YES;
				CLANG_WARN_DIRECT_OBJC_ISA_USAGE = YES_ERROR;
				CLANG_WARN_EMPTY_BODY = YES;
				CLANG_WARN_ENUM_CONVERSION = YES;
				CLANG_WARN_INT_CONVERSION = YES;
				CLANG_WARN_OBJC_ROOT_CLASS = YES_ERROR;
				CLANG_WARN_UNREACHABLE_CODE = YES;
				CLANG_WARN__DUPLICATE_METHOD_MATCH = YES;
				"CODE_SIGN_IDENTITY[sdk=iphoneos*]" = "iPhone Developer";
				COPY_PHASE_STRIP = NO;
				ENABLE_STRICT_OBJC_MSGSEND = YES;
				GCC_C_LANGUAGE_STANDARD = gnu99;
				GCC_DYNAMIC_NO_PIC = NO;
				GCC_OPTIMIZATION_LEVEL = 0;
				GCC_PREPROCESSOR_DEFINITIONS = (
					"DEBUG=1",
					"$(inherited)",
				);
				GCC_SYMBOLS_PRIVATE_EXTERN = NO;
				GCC_WARN_64_TO_32_BIT_CONVERSION = YES;
				GCC_WARN_ABOUT_RETURN_TYPE = YES_ERROR;
				GCC_WARN_UNDECLARED_SELECTOR = YES;
				GCC_WARN_UNINITIALIZED_AUTOS = YES_AGGRESSIVE;
				GCC_WARN_UNUSED_FUNCTION = YES;
				GCC_WARN_UNUSED_VARIABLE = YES;
				IPHONEOS_DEPLOYMENT_TARGET = 8.1;
				MTL_ENABLE_DEBUG_INFO = YES;
				ONLY_ACTIVE_ARCH = YES;
				SDKROOT = iphoneos;
			};
			name = Debug;
		};
		D2BCF6FD1A7D7860000726E3 /* Release */ = {
			isa = XCBuildConfiguration;
			buildSettings = {
				ALWAYS_SEARCH_USER_PATHS = NO;
				CLANG_CXX_LANGUAGE_STANDARD = "gnu++0x";
				CLANG_CXX_LIBRARY = "libc++";
				CLANG_ENABLE_MODULES = YES;
				CLANG_ENABLE_OBJC_ARC = YES;
				CLANG_WARN_BOOL_CONVERSION = YES;
				CLANG_WARN_CONSTANT_CONVERSION = YES;
				CLANG_WARN_DIRECT_OBJC_ISA_USAGE = YES_ERROR;
				CLANG_WARN_EMPTY_BODY = YES;
				CLANG_WARN_ENUM_CONVERSION = YES;
				CLANG_WARN_INT_CONVERSION = YES;
				CLANG_WARN_OBJC_ROOT_CLASS = YES_ERROR;
				CLANG_WARN_UNREACHABLE_CODE = YES;
				CLANG_WARN__DUPLICATE_METHOD_MATCH = YES;
				"CODE_SIGN_IDENTITY[sdk=iphoneos*]" = "iPhone Developer";
				COPY_PHASE_STRIP = YES;
				ENABLE_NS_ASSERTIONS = NO;
				ENABLE_STRICT_OBJC_MSGSEND = YES;
				GCC_C_LANGUAGE_STANDARD = gnu99;
				GCC_WARN_64_TO_32_BIT_CONVERSION = YES;
				GCC_WARN_ABOUT_RETURN_TYPE = YES_ERROR;
				GCC_WARN_UNDECLARED_SELECTOR = YES;
				GCC_WARN_UNINITIALIZED_AUTOS = YES_AGGRESSIVE;
				GCC_WARN_UNUSED_FUNCTION = YES;
				GCC_WARN_UNUSED_VARIABLE = YES;
				IPHONEOS_DEPLOYMENT_TARGET = 8.1;
				MTL_ENABLE_DEBUG_INFO = NO;
				SDKROOT = iphoneos;
				VALIDATE_PRODUCT = YES;
			};
			name = Release;
		};
		D2BCF6FF1A7D7860000726E3 /* Debug */ = {
			isa = XCBuildConfiguration;
			buildSettings = {
				ASSETCATALOG_COMPILER_APPICON_NAME = AppIcon;
				INFOPLIST_FILE = Homepwner/Info.plist;
				LD_RUNPATH_SEARCH_PATHS = "$(inherited) @executable_path/Frameworks";
				PRODUCT_NAME = "$(TARGET_NAME)";
				TARGETED_DEVICE_FAMILY = "1,2";
			};
			name = Debug;
		};
		D2BCF7001A7D7860000726E3 /* Release */ = {
			isa = XCBuildConfiguration;
			buildSettings = {
				ASSETCATALOG_COMPILER_APPICON_NAME = AppIcon;
				INFOPLIST_FILE = Homepwner/Info.plist;
				LD_RUNPATH_SEARCH_PATHS = "$(inherited) @executable_path/Frameworks";
				PRODUCT_NAME = "$(TARGET_NAME)";
				TARGETED_DEVICE_FAMILY = "1,2";
			};
			name = Release;
		};
		D2BCF7021A7D7860000726E3 /* Debug */ = {
			isa = XCBuildConfiguration;
			buildSettings = {
				BUNDLE_LOADER = "$(TEST_HOST)";
				FRAMEWORK_SEARCH_PATHS = (
					"$(SDKROOT)/Developer/Library/Frameworks",
					"$(inherited)",
				);
				GCC_PREPROCESSOR_DEFINITIONS = (
					"DEBUG=1",
					"$(inherited)",
				);
				INFOPLIST_FILE = HomepwnerTests/Info.plist;
				LD_RUNPATH_SEARCH_PATHS = "$(inherited) @executable_path/Frameworks @loader_path/Frameworks";
				PRODUCT_NAME = "$(TARGET_NAME)";
				TEST_HOST = "$(BUILT_PRODUCTS_DIR)/Homepwner.app/Homepwner";
			};
			name = Debug;
		};
		D2BCF7031A7D7860000726E3 /* Release */ = {
			isa = XCBuildConfiguration;
			buildSettings = {
				BUNDLE_LOADER = "$(TEST_HOST)";
				FRAMEWORK_SEARCH_PATHS = (
					"$(SDKROOT)/Developer/Library/Frameworks",
					"$(inherited)",
				);
				INFOPLIST_FILE = HomepwnerTests/Info.plist;
				LD_RUNPATH_SEARCH_PATHS = "$(inherited) @executable_path/Frameworks @loader_path/Frameworks";
				PRODUCT_NAME = "$(TARGET_NAME)";
				TEST_HOST = "$(BUILT_PRODUCTS_DIR)/Homepwner.app/Homepwner";
			};
			name = Release;
		};
/* End XCBuildConfiguration section */

/* Begin XCConfigurationList section */
		D2BCF6D61A7D7860000726E3 /* Build configuration list for PBXProject "Homepwner" */ = {
			isa = XCConfigurationList;
			buildConfigurations = (
				D2BCF6FC1A7D7860000726E3 /* Debug */,
				D2BCF6FD1A7D7860000726E3 /* Release */,
			);
			defaultConfigurationIsVisible = 0;
			defaultConfigurationName = Release;
		};
		D2BCF6FE1A7D7860000726E3 /* Build configuration list for PBXNativeTarget "Homepwner" */ = {
			isa = XCConfigurationList;
			buildConfigurations = (
				D2BCF6FF1A7D7860000726E3 /* Debug */,
				D2BCF7001A7D7860000726E3 /* Release */,
			);
			defaultConfigurationIsVisible = 0;
			defaultConfigurationName = Release;
		};
		D2BCF7011A7D7860000726E3 /* Build configuration list for PBXNativeTarget "HomepwnerTests" */ = {
			isa = XCConfigurationList;
			buildConfigurations = (
				D2BCF7021A7D7860000726E3 /* Debug */,
				D2BCF7031A7D7860000726E3 /* Release */,
			);
			defaultConfigurationIsVisible = 0;
			defaultConfigurationName = Release;
		};
/* End XCConfigurationList section */

/* Begin XCVersionGroup section */
		D2FE4E301AA052A400AE579B /* Homepwner.xcdatamodeld */ = {
			isa = XCVersionGroup;
			children = (
				D2FE4E311AA052A400AE579B /* Homepwner.xcdatamodel */,
			);
			currentVersion = D2FE4E311AA052A400AE579B /* Homepwner.xcdatamodel */;
			path = Homepwner.xcdatamodeld;
			sourceTree = "<group>";
			versionGroupType = wrapper.xcdatamodel;
		};
/* End XCVersionGroup section */
	};
	rootObject = D2BCF6D31A7D7860000726E3 /* Project object */;
}
